schema: '2.0'
stages:
  preprocess_and_train:
    cmd: python src/pipeline/training_pipeline.py
    deps:
    - path: data/raw/finalTrain.csv
      md5: a732ab879bba5f3a9b66a620d299069e
      size: 6371825
    - path: src/pipeline/training_pipeline.py
      md5: bd14a9bc2ba845c62df8d354a658c57c
      size: 516
    outs:
    - path: artifacts/
      md5: dcd5d39e6a9267f8bae5d75754d9231a.dir
      size: 219326240
      nfiles: 2
